
Microsoft Visual Studio Solution File, Format Version 12.00
# Visual Studio Version 17
VisualStudioVersion = 17.11.35431.28
MinimumVisualStudioVersion = 10.0.40219.1
Project("{8BC9CEB8-8B4A-11D0-8D11-00A0C91BC942}") = "Task1", "Task1\Task1.vcxproj", "{30EA12C2-FCDF-420B-8BEA-8D505B70657B}"
EndProject
Project("{8BC9CEB8-8B4A-11D0-8D11-00A0C91BC942}") = "Task2", "Task2\Task2.vcxproj", "{3ECADDEB-F6BD-47B4-89D8-4268E5FE14DF}"
EndProject
Project("{8BC9CEB8-8B4A-11D0-8D11-00A0C91BC942}") = "Task3", "Task3\Task3.vcxproj", "{2DD0CEA6-397D-44C0-9F76-DA17EBAD9D1F}"
EndProject
Project("{8BC9CEB8-8B4A-11D0-8D11-00A0C91BC942}") = "Task4", "Task4\Task4.vcxproj", "{FCCCDA07-C80F-4B2D-A6C2-7401BEF6899C}"
EndProject
Global
	GlobalSection(SolutionConfigurationPlatforms) = preSolution
		Debug|x64 = Debug|x64
		Debug|x86 = Debug|x86
		Release|x64 = Release|x64
		Release|x86 = Release|x86
	EndGlobalSection
	GlobalSection(ProjectConfigurationPlatforms) = postSolution
		{30EA12C2-FCDF-420B-8BEA-8D505B70657B}.Debug|x64.ActiveCfg = Debug|x64
		{30EA12C2-FCDF-420B-8BEA-8D505B70657B}.Debug|x64.Build.0 = Debug|x64
		{30EA12C2-FCDF-420B-8BEA-8D505B70657B}.Debug|x86.ActiveCfg = Debug|Win32
		{30EA12C2-FCDF-420B-8BEA-8D505B70657B}.Debug|x86.Build.0 = Debug|Win32
		{30EA12C2-FCDF-420B-8BEA-8D505B70657B}.Release|x64.ActiveCfg = Release|x64
		{30EA12C2-FCDF-420B-8BEA-8D505B70657B}.Release|x64.Build.0 = Release|x64
		{30EA12C2-FCDF-420B-8BEA-8D505B70657B}.Release|x86.ActiveCfg = Release|Win32
		{30EA12C2-FCDF-420B-8BEA-8D505B70657B}.Release|x86.Build.0 = Release|Win32
		{3ECADDEB-F6BD-47B4-89D8-4268E5FE14DF}.Debug|x64.ActiveCfg = Debug|x64
		{3ECADDEB-F6BD-47B4-89D8-4268E5FE14DF}.Debug|x64.Build.0 = Debug|x64
		{3ECADDEB-F6BD-47B4-89D8-4268E5FE14DF}.Debug|x86.ActiveCfg = Debug|Win32
		{3ECADDEB-F6BD-47B4-89D8-4268E5FE14DF}.Debug|x86.Build.0 = Debug|Win32
		{3ECADDEB-F6BD-47B4-89D8-4268E5FE14DF}.Release|x64.ActiveCfg = Release|x64
		{3ECADDEB-F6BD-47B4-89D8-4268E5FE14DF}.Release|x64.Build.0 = Release|x64
		{3ECADDEB-F6BD-47B4-89D8-4268E5FE14DF}.Release|x86.ActiveCfg = Release|Win32
		{3ECADDEB-F6BD-47B4-89D8-4268E5FE14DF}.Release|x86.Build.0 = Release|Win32
		{2DD0CEA6-397D-44C0-9F76-DA17EBAD9D1F}.Debug|x64.ActiveCfg = Debug|x64
		{2DD0CEA6-397D-44C0-9F76-DA17EBAD9D1F}.Debug|x64.Build.0 = Debug|x64
		{2DD0CEA6-397D-44C0-9F76-DA17EBAD9D1F}.Debug|x86.ActiveCfg = Debug|Win32
		{2DD0CEA6-397D-44C0-9F76-DA17EBAD9D1F}.Debug|x86.Build.0 = Debug|Win32
		{2DD0CEA6-397D-44C0-9F76-DA17EBAD9D1F}.Release|x64.ActiveCfg = Release|x64
		{2DD0CEA6-397D-44C0-9F76-DA17EBAD9D1F}.Release|x64.Build.0 = Release|x64
		{2DD0CEA6-397D-44C0-9F76-DA17EBAD9D1F}.Release|x86.ActiveCfg = Release|Win32
		{2DD0CEA6-397D-44C0-9F76-DA17EBAD9D1F}.Release|x86.Build.0 = Release|Win32
		{FCCCDA07-C80F-4B2D-A6C2-7401BEF6899C}.Debug|x64.ActiveCfg = Debug|x64
		{FCCCDA07-C80F-4B2D-A6C2-7401BEF6899C}.Debug|x64.Build.0 = Debug|x64
		{FCCCDA07-C80F-4B2D-A6C2-7401BEF6899C}.Debug|x86.ActiveCfg = Debug|Win32
		{FCCCDA07-C80F-4B2D-A6C2-7401BEF6899C}.Debug|x86.Build.0 = Debug|Win32
		{FCCCDA07-C80F-4B2D-A6C2-7401BEF6899C}.Release|x64.ActiveCfg = Release|x64
		{FCCCDA07-C80F-4B2D-A6C2-7401BEF6899C}.Release|x64.Build.0 = Release|x64
		{FCCCDA07-C80F-4B2D-A6C2-7401BEF6899C}.Release|x86.ActiveCfg = Release|Win32
		{FCCCDA07-C80F-4B2D-A6C2-7401BEF6899C}.Release|x86.Build.0 = Release|Win32
	EndGlobalSection
	GlobalSection(SolutionProperties) = preSolution
		HideSolutionNode = FALSE
	EndGlobalSection
	GlobalSection(ExtensibilityGlobals) = postSolution
		SolutionGuid = {95FD2943-9FE1-4BAD-A3B9-0468B3AF81BB}
	EndGlobalSection
EndGlobal
